
Microsoft Visual Studio Solution File, Format Version 12.00
# Visual Studio 15
VisualStudioVersion = 15.0.26730.16
MinimumVisualStudioVersion = 10.0.40219.1
Project("{FAE04EC0-301F-11D3-BF4B-00C04F79EFBC}") = "WindowsFormsApp17", "WindowsFormsApp17\WindowsFormsApp17.csproj", "{755924D7-2BB9-4B5C-B439-33EEDD6216EE}"
EndProject
Project("{54435603-DBB4-11D2-8724-00A0C9A8B90C}") = "Setup Project", "Setup Project\Setup Project.vdproj", "{6D40EA3A-2C75-4A9B-8534-8E4749074F9C}"
EndProject
Global
	GlobalSection(SolutionConfigurationPlatforms) = preSolution
		Debug|Any CPU = Debug|Any CPU
		Release|Any CPU = Release|Any CPU
	EndGlobalSection
	GlobalSection(ProjectConfigurationPlatforms) = postSolution
		{755924D7-2BB9-4B5C-B439-33EEDD6216EE}.Debug|Any CPU.ActiveCfg = Debug|Any CPU
		{755924D7-2BB9-4B5C-B439-33EEDD6216EE}.Debug|Any CPU.Build.0 = Debug|Any CPU
		{755924D7-2BB9-4B5C-B439-33EEDD6216EE}.Release|Any CPU.ActiveCfg = Release|Any CPU
		{755924D7-2BB9-4B5C-B439-33EEDD6216EE}.Release|Any CPU.Build.0 = Release|Any CPU
		{6D40EA3A-2C75-4A9B-8534-8E4749074F9C}.Debug|Any CPU.ActiveCfg = Debug
		{6D40EA3A-2C75-4A9B-8534-8E4749074F9C}.Release|Any CPU.ActiveCfg = Release
	EndGlobalSection
	GlobalSection(SolutionProperties) = preSolution
		HideSolutionNode = FALSE
	EndGlobalSection
	GlobalSection(ExtensibilityGlobals) = postSolution
		SolutionGuid = {08158F26-034A-4995-B4EB-6A57698D569A}
	EndGlobalSection
EndGlobal
